# This is a Gradle generated file for dependency locking.
# Manual edits can break the build and are not advised.
# This file is expected to be part of source control.
androidx.activity:activity-compose:1.7.2=debugAndroidTestCompileClasspath,debugAndroidTestRuntimeClasspath,debugCompileClasspath,debugRuntimeClasspath,debugUnitTestCompileClasspath,debugUnitTestRuntimeClasspath,implementationDependenciesMetadata,releaseCompileClasspath,releaseRuntimeClasspath,releaseUnitTestCompileClasspath,releaseUnitTestRuntimeClasspath
androidx.activity:activity-ktx:1.7.2=debugAndroidTestCompileClasspath,debugAndroidTestRuntimeClasspath,debugCompileClasspath,debugRuntimeClasspath,debugUnitTestCompileClasspath,debugUnitTestRuntimeClasspath,implementationDependenciesMetadata,releaseCompileClasspath,releaseRuntimeClasspath,releaseUnitTestCompileClasspath,releaseUnitTestRuntimeClasspath
androidx.activity:activity:1.7.2=debugAndroidTestCompileClasspath,debugAndroidTestRuntimeClasspath,debugCompileClasspath,debugRuntimeClasspath,debugUnitTestCompileClasspath,debugUnitTestRuntimeClasspath,implementationDependenciesMetadata,releaseCompileClasspath,releaseRuntimeClasspath,releaseUnitTestCompileClasspath,releaseUnitTestRuntimeClasspath
androidx.annotation:annotation-experimental:1.1.0=androidTestImplementationDependenciesMetadata
androidx.annotation:annotation-experimental:1.3.0=debugAndroidTestCompileClasspath,debugAndroidTestRuntimeClasspath,debugCompileClasspath,debugRuntimeClasspath,debugUnitTestCompileClasspath,debugUnitTestRuntimeClasspath,implementationDependenciesMetadata,releaseCompileClasspath,releaseRuntimeClasspath,releaseUnitTestCompileClasspath,releaseUnitTestRuntimeClasspath
androidx.annotation:annotation-jvm:1.6.0=debugAndroidTestCompileClasspath,debugAndroidTestRuntimeClasspath,debugCompileClasspath,debugRuntimeClasspath,debugUnitTestCompileClasspath,debugUnitTestRuntimeClasspath,releaseCompileClasspath,releaseRuntimeClasspath,releaseUnitTestCompileClasspath,releaseUnitTestRuntimeClasspath
androidx.annotation:annotation:1.2.0=androidTestImplementationDependenciesMetadata
androidx.annotation:annotation:1.6.0=debugAndroidTestCompileClasspath,debugAndroidTestRuntimeClasspath,debugCompileClasspath,debugRuntimeClasspath,debugUnitTestCompileClasspath,debugUnitTestRuntimeClasspath,implementationDependenciesMetadata,releaseCompileClasspath,releaseRuntimeClasspath,releaseUnitTestCompileClasspath,releaseUnitTestRuntimeClasspath
androidx.arch.core:core-common:2.2.0=debugAndroidTestCompileClasspath,debugAndroidTestRuntimeClasspath,debugCompileClasspath,debugRuntimeClasspath,debugUnitTestCompileClasspath,debugUnitTestRuntimeClasspath,implementationDependenciesMetadata,releaseCompileClasspath,releaseRuntimeClasspath,releaseUnitTestCompileClasspath,releaseUnitTestRuntimeClasspath
androidx.arch.core:core-runtime:2.2.0=debugAndroidTestRuntimeClasspath,debugRuntimeClasspath,debugUnitTestRuntimeClasspath,releaseRuntimeClasspath,releaseUnitTestRuntimeClasspath
androidx.autofill:autofill:1.0.0=debugAndroidTestRuntimeClasspath,debugRuntimeClasspath,debugUnitTestRuntimeClasspath,releaseRuntimeClasspath,releaseUnitTestRuntimeClasspath
androidx.collection:collection:1.0.0=implementationDependenciesMetadata
androidx.collection:collection:1.1.0=debugAndroidTestCompileClasspath,debugAndroidTestRuntimeClasspath,debugCompileClasspath,debugRuntimeClasspath,debugUnitTestCompileClasspath,debugUnitTestRuntimeClasspath,releaseCompileClasspath,releaseRuntimeClasspath,releaseUnitTestCompileClasspath,releaseUnitTestRuntimeClasspath
androidx.compose.animation:animation-android:1.5.0=debugAndroidTestCompileClasspath,debugCompileClasspath,debugRuntimeClasspath,debugUnitTestCompileClasspath,debugUnitTestRuntimeClasspath,releaseCompileClasspath,releaseRuntimeClasspath,releaseUnitTestCompileClasspath,releaseUnitTestRuntimeClasspath
androidx.compose.animation:animation-core-android:1.5.0=debugAndroidTestCompileClasspath,debugCompileClasspath,debugRuntimeClasspath,debugUnitTestCompileClasspath,debugUnitTestRuntimeClasspath,releaseCompileClasspath,releaseRuntimeClasspath,releaseUnitTestCompileClasspath,releaseUnitTestRuntimeClasspath
androidx.compose.animation:animation-core:1.5.0=debugAndroidTestCompileClasspath,debugCompileClasspath,debugRuntimeClasspath,debugUnitTestCompileClasspath,debugUnitTestRuntimeClasspath,implementationDependenciesMetadata,releaseCompileClasspath,releaseRuntimeClasspath,releaseUnitTestCompileClasspath,releaseUnitTestRuntimeClasspath
androidx.compose.animation:animation:1.5.0=debugAndroidTestCompileClasspath,debugCompileClasspath,debugRuntimeClasspath,debugUnitTestCompileClasspath,debugUnitTestRuntimeClasspath,implementationDependenciesMetadata,releaseCompileClasspath,releaseRuntimeClasspath,releaseUnitTestCompileClasspath,releaseUnitTestRuntimeClasspath
androidx.compose.compiler:compiler:1.5.0=kotlin-extension
androidx.compose.foundation:foundation-android:1.5.0=debugAndroidTestCompileClasspath,debugCompileClasspath,debugRuntimeClasspath,debugUnitTestCompileClasspath,debugUnitTestRuntimeClasspath,releaseCompileClasspath,releaseRuntimeClasspath,releaseUnitTestCompileClasspath,releaseUnitTestRuntimeClasspath
androidx.compose.foundation:foundation-layout-android:1.5.0=debugAndroidTestCompileClasspath,debugCompileClasspath,debugRuntimeClasspath,debugUnitTestCompileClasspath,debugUnitTestRuntimeClasspath,releaseCompileClasspath,releaseRuntimeClasspath,releaseUnitTestCompileClasspath,releaseUnitTestRuntimeClasspath
androidx.compose.foundation:foundation-layout:1.5.0=debugAndroidTestCompileClasspath,debugCompileClasspath,debugRuntimeClasspath,debugUnitTestCompileClasspath,debugUnitTestRuntimeClasspath,implementationDependenciesMetadata,releaseCompileClasspath,releaseRuntimeClasspath,releaseUnitTestCompileClasspath,releaseUnitTestRuntimeClasspath
androidx.compose.foundation:foundation:1.5.0=debugAndroidTestCompileClasspath,debugCompileClasspath,debugRuntimeClasspath,debugUnitTestCompileClasspath,debugUnitTestRuntimeClasspath,implementationDependenciesMetadata,releaseCompileClasspath,releaseRuntimeClasspath,releaseUnitTestCompileClasspath,releaseUnitTestRuntimeClasspath
androidx.compose.material3:material3:1.1.1=debugAndroidTestCompileClasspath,debugCompileClasspath,debugRuntimeClasspath,debugUnitTestCompileClasspath,debugUnitTestRuntimeClasspath,implementationDependenciesMetadata,releaseCompileClasspath,releaseRuntimeClasspath,releaseUnitTestCompileClasspath,releaseUnitTestRuntimeClasspath
androidx.compose.material:material-android:1.5.0=debugRuntimeClasspath,debugUnitTestRuntimeClasspath
androidx.compose.material:material-icons-core-android:1.5.0=debugAndroidTestCompileClasspath,debugCompileClasspath,debugRuntimeClasspath,debugUnitTestCompileClasspath,debugUnitTestRuntimeClasspath,releaseCompileClasspath,releaseRuntimeClasspath,releaseUnitTestCompileClasspath,releaseUnitTestRuntimeClasspath
androidx.compose.material:material-icons-core:1.5.0=debugAndroidTestCompileClasspath,debugCompileClasspath,debugRuntimeClasspath,debugUnitTestCompileClasspath,debugUnitTestRuntimeClasspath,implementationDependenciesMetadata,releaseCompileClasspath,releaseRuntimeClasspath,releaseUnitTestCompileClasspath,releaseUnitTestRuntimeClasspath
androidx.compose.material:material-ripple-android:1.5.0=debugAndroidTestCompileClasspath,debugCompileClasspath,debugRuntimeClasspath,debugUnitTestCompileClasspath,debugUnitTestRuntimeClasspath,releaseCompileClasspath,releaseRuntimeClasspath,releaseUnitTestCompileClasspath,releaseUnitTestRuntimeClasspath
androidx.compose.material:material-ripple:1.5.0=debugAndroidTestCompileClasspath,debugCompileClasspath,debugRuntimeClasspath,debugUnitTestCompileClasspath,debugUnitTestRuntimeClasspath,implementationDependenciesMetadata,releaseCompileClasspath,releaseRuntimeClasspath,releaseUnitTestCompileClasspath,releaseUnitTestRuntimeClasspath
androidx.compose.material:material:1.5.0=debugRuntimeClasspath,debugUnitTestRuntimeClasspath
androidx.compose.runtime:runtime-android:1.5.0=debugAndroidTestCompileClasspath,debugAndroidTestRuntimeClasspath,debugCompileClasspath,debugRuntimeClasspath,debugUnitTestCompileClasspath,debugUnitTestRuntimeClasspath,releaseCompileClasspath,releaseRuntimeClasspath,releaseUnitTestCompileClasspath,releaseUnitTestRuntimeClasspath
androidx.compose.runtime:runtime-saveable-android:1.5.0=debugAndroidTestCompileClasspath,debugAndroidTestRuntimeClasspath,debugCompileClasspath,debugRuntimeClasspath,debugUnitTestCompileClasspath,debugUnitTestRuntimeClasspath,releaseCompileClasspath,releaseRuntimeClasspath,releaseUnitTestCompileClasspath,releaseUnitTestRuntimeClasspath
androidx.compose.runtime:runtime-saveable:1.5.0=androidTestImplementationDependenciesMetadata,debugAndroidTestCompileClasspath,debugAndroidTestRuntimeClasspath,debugCompileClasspath,debugRuntimeClasspath,debugUnitTestCompileClasspath,debugUnitTestRuntimeClasspath,implementationDependenciesMetadata,releaseCompileClasspath,releaseRuntimeClasspath,releaseUnitTestCompileClasspath,releaseUnitTestRuntimeClasspath
androidx.compose.runtime:runtime:1.5.0=androidTestImplementationDependenciesMetadata,debugAndroidTestCompileClasspath,debugAndroidTestRuntimeClasspath,debugCompileClasspath,debugRuntimeClasspath,debugUnitTestCompileClasspath,debugUnitTestRuntimeClasspath,implementationDependenciesMetadata,releaseCompileClasspath,releaseRuntimeClasspath,releaseUnitTestCompileClasspath,releaseUnitTestRuntimeClasspath
androidx.compose.ui:ui-android:1.5.0=debugAndroidTestCompileClasspath,debugAndroidTestRuntimeClasspath,debugCompileClasspath,debugRuntimeClasspath,debugUnitTestCompileClasspath,debugUnitTestRuntimeClasspath,releaseCompileClasspath,releaseRuntimeClasspath,releaseUnitTestCompileClasspath,releaseUnitTestRuntimeClasspath
androidx.compose.ui:ui-geometry-android:1.5.0=debugAndroidTestCompileClasspath,debugAndroidTestRuntimeClasspath,debugCompileClasspath,debugRuntimeClasspath,debugUnitTestCompileClasspath,debugUnitTestRuntimeClasspath,releaseCompileClasspath,releaseRuntimeClasspath,releaseUnitTestCompileClasspath,releaseUnitTestRuntimeClasspath
androidx.compose.ui:ui-geometry:1.5.0=androidTestImplementationDependenciesMetadata,debugAndroidTestCompileClasspath,debugAndroidTestRuntimeClasspath,debugCompileClasspath,debugRuntimeClasspath,debugUnitTestCompileClasspath,debugUnitTestRuntimeClasspath,implementationDependenciesMetadata,releaseCompileClasspath,releaseRuntimeClasspath,releaseUnitTestCompileClasspath,releaseUnitTestRuntimeClasspath
androidx.compose.ui:ui-graphics-android:1.5.0=debugAndroidTestCompileClasspath,debugAndroidTestRuntimeClasspath,debugCompileClasspath,debugRuntimeClasspath,debugUnitTestCompileClasspath,debugUnitTestRuntimeClasspath,releaseCompileClasspath,releaseRuntimeClasspath,releaseUnitTestCompileClasspath,releaseUnitTestRuntimeClasspath
androidx.compose.ui:ui-graphics:1.5.0=androidTestImplementationDependenciesMetadata,debugAndroidTestCompileClasspath,debugAndroidTestRuntimeClasspath,debugCompileClasspath,debugRuntimeClasspath,debugUnitTestCompileClasspath,debugUnitTestRuntimeClasspath,implementationDependenciesMetadata,releaseCompileClasspath,releaseRuntimeClasspath,releaseUnitTestCompileClasspath,releaseUnitTestRuntimeClasspath
androidx.compose.ui:ui-test-android:1.5.0=debugAndroidTestCompileClasspath,debugAndroidTestRuntimeClasspath
androidx.compose.ui:ui-test-junit4-android:1.5.0=debugAndroidTestCompileClasspath,debugAndroidTestRuntimeClasspath
androidx.compose.ui:ui-test-junit4:1.5.0=androidTestImplementationDependenciesMetadata,debugAndroidTestCompileClasspath,debugAndroidTestRuntimeClasspath
androidx.compose.ui:ui-test-manifest:1.5.0=debugAndroidTestCompileClasspath,debugCompileClasspath,debugRuntimeClasspath,debugUnitTestCompileClasspath,debugUnitTestRuntimeClasspath
androidx.compose.ui:ui-test:1.5.0=androidTestImplementationDependenciesMetadata,debugAndroidTestCompileClasspath,debugAndroidTestRuntimeClasspath
androidx.compose.ui:ui-text-android:1.5.0=debugAndroidTestCompileClasspath,debugAndroidTestRuntimeClasspath,debugCompileClasspath,debugRuntimeClasspath,debugUnitTestCompileClasspath,debugUnitTestRuntimeClasspath,releaseCompileClasspath,releaseRuntimeClasspath,releaseUnitTestCompileClasspath,releaseUnitTestRuntimeClasspath
androidx.compose.ui:ui-text:1.5.0=androidTestImplementationDependenciesMetadata,debugAndroidTestCompileClasspath,debugAndroidTestRuntimeClasspath,debugCompileClasspath,debugRuntimeClasspath,debugUnitTestCompileClasspath,debugUnitTestRuntimeClasspath,implementationDependenciesMetadata,releaseCompileClasspath,releaseRuntimeClasspath,releaseUnitTestCompileClasspath,releaseUnitTestRuntimeClasspath
androidx.compose.ui:ui-tooling-android:1.5.0=debugAndroidTestCompileClasspath,debugCompileClasspath,debugRuntimeClasspath,debugUnitTestCompileClasspath,debugUnitTestRuntimeClasspath
androidx.compose.ui:ui-tooling-data-android:1.5.0=debugAndroidTestCompileClasspath,debugCompileClasspath,debugRuntimeClasspath,debugUnitTestCompileClasspath,debugUnitTestRuntimeClasspath
androidx.compose.ui:ui-tooling-data:1.5.0=debugAndroidTestCompileClasspath,debugCompileClasspath,debugRuntimeClasspath,debugUnitTestCompileClasspath,debugUnitTestRuntimeClasspath
androidx.compose.ui:ui-tooling-preview-android:1.5.0=debugAndroidTestCompileClasspath,debugCompileClasspath,debugRuntimeClasspath,debugUnitTestCompileClasspath,debugUnitTestRuntimeClasspath,releaseCompileClasspath,releaseRuntimeClasspath,releaseUnitTestCompileClasspath,releaseUnitTestRuntimeClasspath
androidx.compose.ui:ui-tooling-preview:1.5.0=debugAndroidTestCompileClasspath,debugCompileClasspath,debugRuntimeClasspath,debugUnitTestCompileClasspath,debugUnitTestRuntimeClasspath,implementationDependenciesMetadata,releaseCompileClasspath,releaseRuntimeClasspath,releaseUnitTestCompileClasspath,releaseUnitTestRuntimeClasspath
androidx.compose.ui:ui-tooling:1.5.0=debugAndroidTestCompileClasspath,debugCompileClasspath,debugRuntimeClasspath,debugUnitTestCompileClasspath,debugUnitTestRuntimeClasspath
androidx.compose.ui:ui-unit-android:1.5.0=debugAndroidTestCompileClasspath,debugAndroidTestRuntimeClasspath,debugCompileClasspath,debugRuntimeClasspath,debugUnitTestCompileClasspath,debugUnitTestRuntimeClasspath,releaseCompileClasspath,releaseRuntimeClasspath,releaseUnitTestCompileClasspath,releaseUnitTestRuntimeClasspath
androidx.compose.ui:ui-unit:1.5.0=androidTestImplementationDependenciesMetadata,debugAndroidTestCompileClasspath,debugAndroidTestRuntimeClasspath,debugCompileClasspath,debugRuntimeClasspath,debugUnitTestCompileClasspath,debugUnitTestRuntimeClasspath,implementationDependenciesMetadata,releaseCompileClasspath,releaseRuntimeClasspath,releaseUnitTestCompileClasspath,releaseUnitTestRuntimeClasspath
androidx.compose.ui:ui-util-android:1.5.0=debugAndroidTestRuntimeClasspath,debugRuntimeClasspath,debugUnitTestRuntimeClasspath,releaseRuntimeClasspath,releaseUnitTestRuntimeClasspath
androidx.compose.ui:ui-util:1.5.0=debugAndroidTestRuntimeClasspath,debugRuntimeClasspath,debugUnitTestRuntimeClasspath,releaseRuntimeClasspath,releaseUnitTestRuntimeClasspath
androidx.compose.ui:ui:1.5.0=androidTestImplementationDependenciesMetadata,debugAndroidTestCompileClasspath,debugAndroidTestRuntimeClasspath,debugCompileClasspath,debugRuntimeClasspath,debugUnitTestCompileClasspath,debugUnitTestRuntimeClasspath,implementationDependenciesMetadata,releaseCompileClasspath,releaseRuntimeClasspath,releaseUnitTestCompileClasspath,releaseUnitTestRuntimeClasspath
androidx.compose:compose-bom:2023.08.00=androidTestImplementationDependenciesMetadata,debugAndroidTestCompileClasspath,debugAndroidTestRuntimeClasspath,debugCompileClasspath,debugRuntimeClasspath,debugUnitTestCompileClasspath,debugUnitTestRuntimeClasspath,implementationDependenciesMetadata,releaseCompileClasspath,releaseRuntimeClasspath,releaseUnitTestCompileClasspath,releaseUnitTestRuntimeClasspath
androidx.concurrent:concurrent-futures:1.1.0=androidTestImplementationDependenciesMetadata,debugAndroidTestCompileClasspath,debugAndroidTestRuntimeClasspath,debugRuntimeClasspath,debugUnitTestRuntimeClasspath,releaseRuntimeClasspath,releaseUnitTestRuntimeClasspath
androidx.core:core-ktx:1.10.1=debugAndroidTestCompileClasspath,debugAndroidTestRuntimeClasspath,debugCompileClasspath,debugRuntimeClasspath,debugUnitTestCompileClasspath,debugUnitTestRuntimeClasspath,implementationDependenciesMetadata,releaseCompileClasspath,releaseRuntimeClasspath,releaseUnitTestCompileClasspath,releaseUnitTestRuntimeClasspath
androidx.core:core:1.10.1=debugAndroidTestCompileClasspath,debugAndroidTestRuntimeClasspath,debugCompileClasspath,debugRuntimeClasspath,debugUnitTestCompileClasspath,debugUnitTestRuntimeClasspath,implementationDependenciesMetadata,releaseCompileClasspath,releaseRuntimeClasspath,releaseUnitTestCompileClasspath,releaseUnitTestRuntimeClasspath
androidx.customview:customview-poolingcontainer:1.0.0=debugAndroidTestRuntimeClasspath,debugRuntimeClasspath,debugUnitTestRuntimeClasspath,releaseRuntimeClasspath,releaseUnitTestRuntimeClasspath
androidx.emoji2:emoji2:1.4.0=debugAndroidTestRuntimeClasspath,debugRuntimeClasspath,debugUnitTestRuntimeClasspath,releaseRuntimeClasspath,releaseUnitTestRuntimeClasspath
androidx.interpolator:interpolator:1.0.0=debugAndroidTestRuntimeClasspath,debugRuntimeClasspath,debugUnitTestRuntimeClasspath,releaseRuntimeClasspath,releaseUnitTestRuntimeClasspath
androidx.lifecycle:lifecycle-common-java8:2.6.1=debugRuntimeClasspath,debugUnitTestRuntimeClasspath,releaseRuntimeClasspath,releaseUnitTestRuntimeClasspath
androidx.lifecycle:lifecycle-common:2.3.1=androidTestImplementationDependenciesMetadata
androidx.lifecycle:lifecycle-common:2.6.1=debugAndroidTestCompileClasspath,debugAndroidTestRuntimeClasspath,debugCompileClasspath,debugRuntimeClasspath,debugUnitTestCompileClasspath,debugUnitTestRuntimeClasspath,implementationDependenciesMetadata,releaseCompileClasspath,releaseRuntimeClasspath,releaseUnitTestCompileClasspath,releaseUnitTestRuntimeClasspath
androidx.lifecycle:lifecycle-livedata-core:2.6.1=debugAndroidTestCompileClasspath,debugAndroidTestRuntimeClasspath,debugCompileClasspath,debugRuntimeClasspath,debugUnitTestCompileClasspath,debugUnitTestRuntimeClasspath,implementationDependenciesMetadata,releaseCompileClasspath,releaseRuntimeClasspath,releaseUnitTestCompileClasspath,releaseUnitTestRuntimeClasspath
androidx.lifecycle:lifecycle-process:2.6.1=debugAndroidTestRuntimeClasspath,debugRuntimeClasspath,debugUnitTestRuntimeClasspath,releaseRuntimeClasspath,releaseUnitTestRuntimeClasspath
androidx.lifecycle:lifecycle-runtime-ktx:2.6.1=debugAndroidTestCompileClasspath,debugAndroidTestRuntimeClasspath,debugCompileClasspath,debugRuntimeClasspath,debugUnitTestCompileClasspath,debugUnitTestRuntimeClasspath,implementationDependenciesMetadata,releaseCompileClasspath,releaseRuntimeClasspath,releaseUnitTestCompileClasspath,releaseUnitTestRuntimeClasspath
androidx.lifecycle:lifecycle-runtime:2.6.1=debugAndroidTestCompileClasspath,debugAndroidTestRuntimeClasspath,debugCompileClasspath,debugRuntimeClasspath,debugUnitTestCompileClasspath,debugUnitTestRuntimeClasspath,implementationDependenciesMetadata,releaseCompileClasspath,releaseRuntimeClasspath,releaseUnitTestCompileClasspath,releaseUnitTestRuntimeClasspath
androidx.lifecycle:lifecycle-viewmodel-ktx:2.6.1=debugAndroidTestCompileClasspath,debugAndroidTestRuntimeClasspath,debugCompileClasspath,debugRuntimeClasspath,debugUnitTestCompileClasspath,debugUnitTestRuntimeClasspath,implementationDependenciesMetadata,releaseCompileClasspath,releaseRuntimeClasspath,releaseUnitTestCompileClasspath,releaseUnitTestRuntimeClasspath
androidx.lifecycle:lifecycle-viewmodel-savedstate:2.6.1=debugAndroidTestCompileClasspath,debugAndroidTestRuntimeClasspath,debugCompileClasspath,debugRuntimeClasspath,debugUnitTestCompileClasspath,debugUnitTestRuntimeClasspath,implementationDependenciesMetadata,releaseCompileClasspath,releaseRuntimeClasspath,releaseUnitTestCompileClasspath,releaseUnitTestRuntimeClasspath
androidx.lifecycle:lifecycle-viewmodel:2.6.1=debugAndroidTestCompileClasspath,debugAndroidTestRuntimeClasspath,debugCompileClasspath,debugRuntimeClasspath,debugUnitTestCompileClasspath,debugUnitTestRuntimeClasspath,implementationDependenciesMetadata,releaseCompileClasspath,releaseRuntimeClasspath,releaseUnitTestCompileClasspath,releaseUnitTestRuntimeClasspath
androidx.profileinstaller:profileinstaller:1.3.0=debugAndroidTestRuntimeClasspath,debugRuntimeClasspath,debugUnitTestRuntimeClasspath,releaseRuntimeClasspath,releaseUnitTestRuntimeClasspath
androidx.savedstate:savedstate-ktx:1.2.1=debugAndroidTestCompileClasspath,debugAndroidTestRuntimeClasspath,debugCompileClasspath,debugRuntimeClasspath,debugUnitTestCompileClasspath,debugUnitTestRuntimeClasspath,implementationDependenciesMetadata,releaseCompileClasspath,releaseRuntimeClasspath,releaseUnitTestCompileClasspath,releaseUnitTestRuntimeClasspath
androidx.savedstate:savedstate:1.2.1=debugAndroidTestCompileClasspath,debugAndroidTestRuntimeClasspath,debugCompileClasspath,debugRuntimeClasspath,debugUnitTestCompileClasspath,debugUnitTestRuntimeClasspath,implementationDependenciesMetadata,releaseCompileClasspath,releaseRuntimeClasspath,releaseUnitTestCompileClasspath,releaseUnitTestRuntimeClasspath
androidx.startup:startup-runtime:1.1.1=debugAndroidTestRuntimeClasspath,debugRuntimeClasspath,debugUnitTestRuntimeClasspath,releaseRuntimeClasspath,releaseUnitTestRuntimeClasspath
androidx.test.espresso:espresso-core:3.5.1=androidTestImplementationDependenciesMetadata,debugAndroidTestCompileClasspath,debugAndroidTestRuntimeClasspath
androidx.test.espresso:espresso-idling-resource:3.5.1=androidTestImplementationDependenciesMetadata,debugAndroidTestCompileClasspath,debugAndroidTestRuntimeClasspath
androidx.test.ext:junit:1.1.5=androidTestImplementationDependenciesMetadata,debugAndroidTestCompileClasspath,debugAndroidTestRuntimeClasspath
androidx.test.services:storage:1.4.2=androidTestImplementationDependenciesMetadata,debugAndroidTestCompileClasspath,debugAndroidTestRuntimeClasspath
androidx.test:annotation:1.0.1=androidTestImplementationDependenciesMetadata,debugAndroidTestCompileClasspath,debugAndroidTestRuntimeClasspath
androidx.test:core:1.5.0=androidTestImplementationDependenciesMetadata,debugAndroidTestCompileClasspath,debugAndroidTestRuntimeClasspath
androidx.test:monitor:1.6.1=androidTestImplementationDependenciesMetadata,debugAndroidTestCompileClasspath,debugAndroidTestRuntimeClasspath
androidx.test:runner:1.5.2=androidTestImplementationDependenciesMetadata,debugAndroidTestCompileClasspath,debugAndroidTestRuntimeClasspath
androidx.tracing:tracing:1.0.0=androidTestImplementationDependenciesMetadata,debugAndroidTestCompileClasspath,debugAndroidTestRuntimeClasspath,debugRuntimeClasspath,debugUnitTestRuntimeClasspath,releaseRuntimeClasspath,releaseUnitTestRuntimeClasspath
androidx.versionedparcelable:versionedparcelable:1.1.1=debugAndroidTestCompileClasspath,debugAndroidTestRuntimeClasspath,debugCompileClasspath,debugRuntimeClasspath,debugUnitTestCompileClasspath,debugUnitTestRuntimeClasspath,implementationDependenciesMetadata,releaseCompileClasspath,releaseRuntimeClasspath,releaseUnitTestCompileClasspath,releaseUnitTestRuntimeClasspath
com.beust:jcommander:1.82=detekt
com.google.code.findbugs:jsr305:2.0.2=androidTestImplementationDependenciesMetadata,debugAndroidTestCompileClasspath,debugAndroidTestRuntimeClasspath
com.google.guava:listenablefuture:1.0=androidTestImplementationDependenciesMetadata,debugAndroidTestCompileClasspath,debugAndroidTestRuntimeClasspath,debugRuntimeClasspath,debugUnitTestRuntimeClasspath,releaseRuntimeClasspath,releaseUnitTestRuntimeClasspath
com.squareup:javawriter:2.1.1=androidTestImplementationDependenciesMetadata,debugAndroidTestCompileClasspath,debugAndroidTestRuntimeClasspath
io.github.davidburstrom.contester:contester-breakpoint:0.2.0=detekt,detektPlugins
io.github.detekt.sarif4k:sarif4k-jvm:0.4.0=detekt,detektPlugins
io.github.detekt.sarif4k:sarif4k:0.4.0=detekt,detektPlugins
io.gitlab.arturbosch.detekt:detekt-api:1.23.3=detekt,detektPlugins
io.gitlab.arturbosch.detekt:detekt-cli:1.23.3=detekt
io.gitlab.arturbosch.detekt:detekt-core:1.23.3=detekt,detektPlugins
io.gitlab.arturbosch.detekt:detekt-metrics:1.23.3=detekt,detektPlugins
io.gitlab.arturbosch.detekt:detekt-parser:1.23.3=detekt,detektPlugins
io.gitlab.arturbosch.detekt:detekt-psi-utils:1.23.3=detekt,detektPlugins
io.gitlab.arturbosch.detekt:detekt-report-html:1.23.3=detekt,detektPlugins
io.gitlab.arturbosch.detekt:detekt-report-md:1.23.3=detekt,detektPlugins
io.gitlab.arturbosch.detekt:detekt-report-sarif:1.23.3=detekt,detektPlugins
io.gitlab.arturbosch.detekt:detekt-report-txt:1.23.3=detekt,detektPlugins
io.gitlab.arturbosch.detekt:detekt-report-xml:1.23.3=detekt,detektPlugins
io.gitlab.arturbosch.detekt:detekt-rules-complexity:1.23.3=detekt
io.gitlab.arturbosch.detekt:detekt-rules-coroutines:1.23.3=detekt
io.gitlab.arturbosch.detekt:detekt-rules-documentation:1.23.3=detekt
io.gitlab.arturbosch.detekt:detekt-rules-empty:1.23.3=detekt
io.gitlab.arturbosch.detekt:detekt-rules-errorprone:1.23.3=detekt
io.gitlab.arturbosch.detekt:detekt-rules-exceptions:1.23.3=detekt
io.gitlab.arturbosch.detekt:detekt-rules-naming:1.23.3=detekt
io.gitlab.arturbosch.detekt:detekt-rules-performance:1.23.3=detekt
io.gitlab.arturbosch.detekt:detekt-rules-style:1.23.3=detekt
io.gitlab.arturbosch.detekt:detekt-rules:1.23.3=detekt
io.gitlab.arturbosch.detekt:detekt-tooling:1.23.3=detekt,detektPlugins
io.gitlab.arturbosch.detekt:detekt-utils:1.23.3=detekt,detektPlugins
javax.inject:javax.inject:1=androidTestImplementationDependenciesMetadata,debugAndroidTestCompileClasspath,debugAndroidTestRuntimeClasspath
junit:junit:4.13.2=androidTestImplementationDependenciesMetadata,debugAndroidTestCompileClasspath,debugAndroidTestRuntimeClasspath,debugUnitTestCompileClasspath,debugUnitTestRuntimeClasspath,releaseUnitTestCompileClasspath,releaseUnitTestRuntimeClasspath,testImplementationDependenciesMetadata
org.hamcrest:hamcrest-core:1.3=androidTestImplementationDependenciesMetadata,debugAndroidTestCompileClasspath,debugAndroidTestRuntimeClasspath,debugUnitTestCompileClasspath,debugUnitTestRuntimeClasspath,releaseUnitTestCompileClasspath,releaseUnitTestRuntimeClasspath,testImplementationDependenciesMetadata
org.hamcrest:hamcrest-integration:1.3=androidTestImplementationDependenciesMetadata,debugAndroidTestCompileClasspath,debugAndroidTestRuntimeClasspath
org.hamcrest:hamcrest-library:1.3=androidTestImplementationDependenciesMetadata,debugAndroidTestCompileClasspath,debugAndroidTestRuntimeClasspath
org.jetbrains.intellij.deps:trove4j:1.0.20200330=detekt,detektPlugins,kotlinCompilerClasspath,kotlinKlibCommonizerClasspath
org.jetbrains.kotlin:kotlin-build-tools-api:1.9.0=kotlinBuildToolsApiClasspath
org.jetbrains.kotlin:kotlin-build-tools-impl:1.9.0=kotlinBuildToolsApiClasspath
org.jetbrains.kotlin:kotlin-compiler-embeddable:1.9.0=kotlinCompilerClasspath,kotlinKlibCommonizerClasspath
org.jetbrains.kotlin:kotlin-compiler-embeddable:1.9.10=detekt,detektPlugins
org.jetbrains.kotlin:kotlin-daemon-embeddable:1.9.0=kotlinCompilerClasspath,kotlinKlibCommonizerClasspath
org.jetbrains.kotlin:kotlin-daemon-embeddable:1.9.10=detekt,detektPlugins
org.jetbrains.kotlin:kotlin-klib-commonizer-embeddable:1.9.0=kotlinKlibCommonizerClasspath
org.jetbrains.kotlin:kotlin-reflect:1.6.10=kotlinCompilerClasspath,kotlinKlibCommonizerClasspath
org.jetbrains.kotlin:kotlin-reflect:1.9.10=detekt,detektPlugins
org.jetbrains.kotlin:kotlin-script-runtime:1.9.0=kotlinCompilerClasspath,kotlinKlibCommonizerClasspath
org.jetbrains.kotlin:kotlin-script-runtime:1.9.10=detekt,detektPlugins
org.jetbrains.kotlin:kotlin-stdlib-common:1.8.21=androidTestImplementationDependenciesMetadata
org.jetbrains.kotlin:kotlin-stdlib-common:1.9.0=apiDependenciesMetadata,debugAndroidTestCompileClasspath,debugAndroidTestRuntimeClasspath,debugCompileClasspath,debugRuntimeClasspath,debugUnitTestCompileClasspath,debugUnitTestRuntimeClasspath,implementationDependenciesMetadata,kotlinBuildToolsApiClasspath,kotlinCompilerClasspath,kotlinKlibCommonizerClasspath,releaseCompileClasspath,releaseRuntimeClasspath,releaseUnitTestCompileClasspath,releaseUnitTestRuntimeClasspath
org.jetbrains.kotlin:kotlin-stdlib-common:1.9.10=detekt,detektPlugins
org.jetbrains.kotlin:kotlin-stdlib-jdk7:1.9.0=apiDependenciesMetadata,debugAndroidTestCompileClasspath,debugAndroidTestRuntimeClasspath,debugCompileClasspath,debugRuntimeClasspath,debugUnitTestCompileClasspath,debugUnitTestRuntimeClasspath,implementationDependenciesMetadata,releaseCompileClasspath,releaseRuntimeClasspath,releaseUnitTestCompileClasspath,releaseUnitTestRuntimeClasspath
org.jetbrains.kotlin:kotlin-stdlib-jdk7:1.9.10=detekt,detektPlugins
org.jetbrains.kotlin:kotlin-stdlib-jdk8:1.9.0=apiDependenciesMetadata,debugAndroidTestCompileClasspath,debugAndroidTestRuntimeClasspath,debugCompileClasspath,debugRuntimeClasspath,debugUnitTestCompileClasspath,debugUnitTestRuntimeClasspath,implementationDependenciesMetadata,releaseCompileClasspath,releaseRuntimeClasspath,releaseUnitTestCompileClasspath,releaseUnitTestRuntimeClasspath
org.jetbrains.kotlin:kotlin-stdlib-jdk8:1.9.10=detekt,detektPlugins
org.jetbrains.kotlin:kotlin-stdlib:1.8.21=androidTestImplementationDependenciesMetadata
org.jetbrains.kotlin:kotlin-stdlib:1.9.0=apiDependenciesMetadata,debugAndroidTestCompileClasspath,debugAndroidTestRuntimeClasspath,debugCompileClasspath,debugRuntimeClasspath,debugUnitTestCompileClasspath,debugUnitTestRuntimeClasspath,implementationDependenciesMetadata,kotlinBuildToolsApiClasspath,kotlinCompilerClasspath,kotlinKlibCommonizerClasspath,releaseCompileClasspath,releaseRuntimeClasspath,releaseUnitTestCompileClasspath,releaseUnitTestRuntimeClasspath
org.jetbrains.kotlin:kotlin-stdlib:1.9.10=detekt,detektPlugins
org.jetbrains.kotlinx:atomicfu:0.17.3=implementationDependenciesMetadata
org.jetbrains.kotlinx:kotlinx-coroutines-android:1.6.4=debugAndroidTestCompileClasspath,debugAndroidTestRuntimeClasspath,debugCompileClasspath,debugRuntimeClasspath,debugUnitTestCompileClasspath,debugUnitTestRuntimeClasspath,implementationDependenciesMetadata,releaseCompileClasspath,releaseRuntimeClasspath,releaseUnitTestCompileClasspath,releaseUnitTestRuntimeClasspath
org.jetbrains.kotlinx:kotlinx-coroutines-bom:1.6.4=debugAndroidTestCompileClasspath,debugAndroidTestRuntimeClasspath,debugCompileClasspath,debugRuntimeClasspath,debugUnitTestCompileClasspath,debugUnitTestRuntimeClasspath,implementationDependenciesMetadata,releaseCompileClasspath,releaseRuntimeClasspath,releaseUnitTestCompileClasspath,releaseUnitTestRuntimeClasspath
org.jetbrains.kotlinx:kotlinx-coroutines-core-jvm:1.6.4=debugAndroidTestCompileClasspath,debugAndroidTestRuntimeClasspath,debugCompileClasspath,debugRuntimeClasspath,debugUnitTestCompileClasspath,debugUnitTestRuntimeClasspath,releaseCompileClasspath,releaseRuntimeClasspath,releaseUnitTestCompileClasspath,releaseUnitTestRuntimeClasspath
org.jetbrains.kotlinx:kotlinx-coroutines-core:1.6.4=debugAndroidTestCompileClasspath,debugAndroidTestRuntimeClasspath,debugCompileClasspath,debugRuntimeClasspath,debugUnitTestCompileClasspath,debugUnitTestRuntimeClasspath,implementationDependenciesMetadata,releaseCompileClasspath,releaseRuntimeClasspath,releaseUnitTestCompileClasspath,releaseUnitTestRuntimeClasspath
org.jetbrains.kotlinx:kotlinx-coroutines-test-jvm:1.6.4=debugAndroidTestCompileClasspath,debugAndroidTestRuntimeClasspath
org.jetbrains.kotlinx:kotlinx-coroutines-test:1.6.4=debugAndroidTestCompileClasspath,debugAndroidTestRuntimeClasspath
org.jetbrains.kotlinx:kotlinx-html-jvm:0.8.1=detekt,detektPlugins
org.jetbrains.kotlinx:kotlinx-serialization-core-jvm:1.4.1=detekt,detektPlugins
org.jetbrains.kotlinx:kotlinx-serialization-core:1.4.1=detekt,detektPlugins
org.jetbrains.kotlinx:kotlinx-serialization-json-jvm:1.4.1=detekt,detektPlugins
org.jetbrains.kotlinx:kotlinx-serialization-json:1.4.1=detekt,detektPlugins
org.jetbrains:annotations:13.0=androidTestImplementationDependenciesMetadata,apiDependenciesMetadata,debugAndroidTestCompileClasspath,debugAndroidTestRuntimeClasspath,debugCompileClasspath,debugRuntimeClasspath,debugUnitTestCompileClasspath,debugUnitTestRuntimeClasspath,detekt,detektPlugins,implementationDependenciesMetadata,kotlinBuildToolsApiClasspath,kotlinCompilerClasspath,kotlinKlibCommonizerClasspath,releaseCompileClasspath,releaseRuntimeClasspath,releaseUnitTestCompileClasspath,releaseUnitTestRuntimeClasspath
org.snakeyaml:snakeyaml-engine:2.6=detekt,detektPlugins
empty=androidApis,androidJdkImage,androidTestApiDependenciesMetadata,androidTestCompileOnlyDependenciesMetadata,androidTestDebugApiDependenciesMetadata,androidTestDebugCompileOnlyDependenciesMetadata,androidTestDebugImplementationDependenciesMetadata,androidTestDebugIntransitiveDependenciesMetadata,androidTestIntransitiveDependenciesMetadata,androidTestReleaseApiDependenciesMetadata,androidTestReleaseCompileOnlyDependenciesMetadata,androidTestReleaseImplementationDependenciesMetadata,androidTestReleaseIntransitiveDependenciesMetadata,androidTestUtil,compileOnlyDependenciesMetadata,coreLibraryDesugaring,debugAndroidTestAnnotationProcessorClasspath,debugAndroidTestApiDependenciesMetadata,debugAndroidTestCompileOnlyDependenciesMetadata,debugAndroidTestImplementationDependenciesMetadata,debugAndroidTestIntransitiveDependenciesMetadata,debugAnnotationProcessorClasspath,debugApiDependenciesMetadata,debugCompileOnlyDependenciesMetadata,debugIntransitiveDependenciesMetadata,debugReverseMetadataValues,debugUnitTestAnnotationProcessorClasspath,debugUnitTestApiDependenciesMetadata,debugUnitTestCompileOnlyDependenciesMetadata,debugUnitTestImplementationDependenciesMetadata,debugUnitTestIntransitiveDependenciesMetadata,debugWearBundling,intransitiveDependenciesMetadata,kotlinCompilerPluginClasspath,kotlinCompilerPluginClasspathDebug,kotlinCompilerPluginClasspathDebugAndroidTest,kotlinCompilerPluginClasspathDebugUnitTest,kotlinCompilerPluginClasspathRelease,kotlinCompilerPluginClasspathReleaseUnitTest,kotlinNativeCompilerPluginClasspath,lintChecks,lintPublish,releaseAnnotationProcessorClasspath,releaseApiDependenciesMetadata,releaseCompileOnlyDependenciesMetadata,releaseImplementationDependenciesMetadata,releaseIntransitiveDependenciesMetadata,releaseReverseMetadataValues,releaseUnitTestAnnotationProcessorClasspath,releaseUnitTestApiDependenciesMetadata,releaseUnitTestCompileOnlyDependenciesMetadata,releaseUnitTestImplementationDependenciesMetadata,releaseUnitTestIntransitiveDependenciesMetadata,releaseWearBundling,testApiDependenciesMetadata,testCompileOnlyDependenciesMetadata,testDebugApiDependenciesMetadata,testDebugCompileOnlyDependenciesMetadata,testDebugImplementationDependenciesMetadata,testDebugIntransitiveDependenciesMetadata,testFixturesApiDependenciesMetadata,testFixturesCompileOnlyDependenciesMetadata,testFixturesDebugApiDependenciesMetadata,testFixturesDebugCompileOnlyDependenciesMetadata,testFixturesDebugImplementationDependenciesMetadata,testFixturesDebugIntransitiveDependenciesMetadata,testFixturesImplementationDependenciesMetadata,testFixturesIntransitiveDependenciesMetadata,testFixturesReleaseApiDependenciesMetadata,testFixturesReleaseCompileOnlyDependenciesMetadata,testFixturesReleaseImplementationDependenciesMetadata,testFixturesReleaseIntransitiveDependenciesMetadata,testIntransitiveDependenciesMetadata,testReleaseApiDependenciesMetadata,testReleaseCompileOnlyDependenciesMetadata,testReleaseImplementationDependenciesMetadata,testReleaseIntransitiveDependenciesMetadata
