# This is a Gradle generated file for dependency locking.
# Manual edits can break the build and are not advised.
# This file is expected to be part of source control.
bundledModule:intellij.platform.collaborationTools:242.20224.300+964=compileClasspath,compileOnlyDependenciesMetadata,intellijPlatformBundledPlugins,intellijPlatformDependencies,testCompileClasspath,testCompileOnlyDependenciesMetadata
bundledModule:intellij.platform.vcs.impl:242.20224.300+964=compileClasspath,compileOnlyDependenciesMetadata,intellijPlatformBundledPlugins,intellijPlatformDependencies,testCompileClasspath,testCompileOnlyDependenciesMetadata
bundledModule:intellij.platform.vcs.log.impl:242.20224.300+964=compileClasspath,compileOnlyDependenciesMetadata,intellijPlatformBundledPlugins,intellijPlatformDependencies,testCompileClasspath,testCompileOnlyDependenciesMetadata
bundledPlugin:com.intellij.copyright:242.20224.300+629=compileClasspath,compileOnlyDependenciesMetadata,intellijPlatformBundledPlugins,intellijPlatformDependencies,testCompileClasspath,testCompileOnlyDependenciesMetadata
bundledPlugin:com.intellij.java:242.20224.300+308=compileClasspath,compileOnlyDependenciesMetadata,intellijPlatformBundledPlugins,intellijPlatformDependencies,testCompileClasspath,testCompileOnlyDependenciesMetadata
bundledPlugin:com.intellij.platform.images:242.20224.300+992=compileClasspath,compileOnlyDependenciesMetadata,intellijPlatformBundledPlugins,intellijPlatformDependencies,testCompileClasspath,testCompileOnlyDependenciesMetadata
bundledPlugin:com.jetbrains.performancePlugin:242.20224.300+686=compileClasspath,compileOnlyDependenciesMetadata,intellijPlatformBundledPlugins,intellijPlatformDependencies,testCompileClasspath,testCompileOnlyDependenciesMetadata
bundledPlugin:org.jetbrains.kotlin:2024.2+35=compileClasspath,compileOnlyDependenciesMetadata,intellijPlatformBundledPlugins,intellijPlatformDependencies,testCompileClasspath,testCompileOnlyDependenciesMetadata
com.jetbrains.intellij.java:java-compiler-ant-tasks:242.20224.300=intellijPlatformJavaCompiler
com.jetbrains.intellij.java:java-compiler-instrumentation-util-java8:242.20224.300=intellijPlatformJavaCompiler
com.jetbrains.intellij.java:java-compiler-instrumentation-util:242.20224.300=intellijPlatformJavaCompiler
com.jetbrains.intellij.java:java-gui-forms-compiler:242.20224.300=intellijPlatformJavaCompiler
com.jetbrains.intellij.java:java-gui-forms-rt:242.20224.300=intellijPlatformJavaCompiler
com.jetbrains.intellij.platform:util-jdom:242.20224.300=intellijPlatformJavaCompiler
com.jgoodies:forms:1.1-preview=intellijPlatformJavaCompiler
idea:ideaIC:2024.2=compileClasspath,compileOnlyDependenciesMetadata,intellijPlatformDependency,intellijPlatformDependencyArchive,testCompileClasspath,testCompileOnlyDependenciesMetadata
jaxen:jaxen:1.2.0=intellijPlatformJavaCompiler
net.java.dev.jna:jna:5.6.0=kotlinCompilerClasspath,kotlinKlibCommonizerClasspath
org.jetbrains.intellij.deps:asm-all:9.6.1=intellijPlatformJavaCompiler
org.jetbrains.intellij.deps:trove4j:1.0.20200330=kotlinBuildToolsApiClasspath,kotlinCompilerClasspath,kotlinKlibCommonizerClasspath
org.jetbrains.kotlin:kotlin-build-common:1.9.25=kotlinBuildToolsApiClasspath
org.jetbrains.kotlin:kotlin-build-tools-api:1.9.25=kotlinBuildToolsApiClasspath
org.jetbrains.kotlin:kotlin-build-tools-impl:1.9.25=kotlinBuildToolsApiClasspath
org.jetbrains.kotlin:kotlin-compiler-embeddable:1.8.22=kotlinCompilerClasspath,kotlinKlibCommonizerClasspath
org.jetbrains.kotlin:kotlin-compiler-embeddable:1.9.25=kotlinBuildToolsApiClasspath
org.jetbrains.kotlin:kotlin-compiler-runner:1.9.25=kotlinBuildToolsApiClasspath
org.jetbrains.kotlin:kotlin-daemon-client:1.9.25=kotlinBuildToolsApiClasspath
org.jetbrains.kotlin:kotlin-daemon-embeddable:1.8.22=kotlinCompilerClasspath,kotlinKlibCommonizerClasspath
org.jetbrains.kotlin:kotlin-daemon-embeddable:1.9.25=kotlinBuildToolsApiClasspath
org.jetbrains.kotlin:kotlin-klib-commonizer-embeddable:1.8.22=kotlinKlibCommonizerClasspath
org.jetbrains.kotlin:kotlin-reflect:1.6.10=kotlinBuildToolsApiClasspath,kotlinCompilerClasspath,kotlinKlibCommonizerClasspath
org.jetbrains.kotlin:kotlin-script-runtime:1.8.22=kotlinCompilerClasspath,kotlinCompilerPluginClasspathMain,kotlinCompilerPluginClasspathTest,kotlinKlibCommonizerClasspath
org.jetbrains.kotlin:kotlin-script-runtime:1.9.25=kotlinBuildToolsApiClasspath
org.jetbrains.kotlin:kotlin-scripting-common:1.8.22=kotlinCompilerPluginClasspathMain,kotlinCompilerPluginClasspathTest
org.jetbrains.kotlin:kotlin-scripting-compiler-embeddable:1.8.22=kotlinCompilerPluginClasspathMain,kotlinCompilerPluginClasspathTest
org.jetbrains.kotlin:kotlin-scripting-compiler-impl-embeddable:1.8.22=kotlinCompilerPluginClasspathMain,kotlinCompilerPluginClasspathTest
org.jetbrains.kotlin:kotlin-scripting-jvm:1.8.22=kotlinCompilerPluginClasspathMain,kotlinCompilerPluginClasspathTest
org.jetbrains.kotlin:kotlin-stdlib-common:1.8.22=kotlinCompilerClasspath,kotlinCompilerPluginClasspathMain,kotlinCompilerPluginClasspathTest,kotlinKlibCommonizerClasspath
org.jetbrains.kotlin:kotlin-stdlib:1.8.22=kotlinCompilerClasspath,kotlinCompilerPluginClasspathMain,kotlinCompilerPluginClasspathTest,kotlinKlibCommonizerClasspath
org.jetbrains.kotlin:kotlin-stdlib:1.9.25=kotlinBuildToolsApiClasspath
org.jetbrains.kotlinx:kotlinx-coroutines-core-jvm:1.5.0=kotlinBuildToolsApiClasspath
org.jetbrains:annotations:13.0=kotlinBuildToolsApiClasspath,kotlinCompilerClasspath,kotlinCompilerPluginClasspathMain,kotlinCompilerPluginClasspathTest,kotlinKlibCommonizerClasspath
org.jetbrains:annotations:24.0.0=intellijPlatformJavaCompiler
empty=annotationProcessor,apiDependenciesMetadata,implementationDependenciesMetadata,intellijPlatformLocal,intellijPlatformPlugin,intellijPlatformPluginDependency,intellijPlatformPluginDependencyCollector,intellijPlatformPluginLocal,intellijPlatformPluginModule,intellijPlatformTestDependencies,intellijPluginVerifier,intellijPluginVerifierIdes,intellijPluginVerifierIdesDependency,intellijPluginVerifierIdesLocalInstance,intransitiveDependenciesMetadata,jetbrainsRuntime,jetbrainsRuntimeDependency,jetbrainsRuntimeLocalInstance,kotlinCompilerPluginClasspath,kotlinNativeCompilerPluginClasspath,kotlinScriptDef,kotlinScriptDefExtensions,marketplaceZipSigner,runtimeClasspath,testAnnotationProcessor,testApiDependenciesMetadata,testImplementationDependenciesMetadata,testIntransitiveDependenciesMetadata,testKotlinScriptDef,testKotlinScriptDefExtensions,testRuntimeClasspath
