# This is a Gradle generated file for dependency locking.
# Manual edits can break the build and are not advised.
# This file is expected to be part of source control.
bundledModule:intellij.libraries.compose.foundation.desktop:IC-251.23774.435=compileClasspath,compileOnlyDependenciesMetadata,intellijPlatformBundledPlugins,intellijPlatformClasspath,intellijPlatformDependencies,intellijPlatformTestClasspath,testCompileClasspath,testImplementationDependenciesMetadata,testRuntimeClasspath
bundledModule:intellij.libraries.microba:IC-251.23774.435=compileClasspath,compileOnlyDependenciesMetadata,intellijPlatformBundledPlugins,intellijPlatformClasspath,intellijPlatformDependencies,intellijPlatformTestClasspath,testCompileClasspath,testImplementationDependenciesMetadata,testRuntimeClasspath
bundledModule:intellij.libraries.skiko:IC-251.23774.435=compileClasspath,compileOnlyDependenciesMetadata,intellijPlatformBundledPlugins,intellijPlatformClasspath,intellijPlatformDependencies,intellijPlatformTestClasspath,testCompileClasspath,testImplementationDependenciesMetadata,testRuntimeClasspath
bundledModule:intellij.performanceTesting.vcs:IC-251.23774.435=compileClasspath,compileOnlyDependenciesMetadata,intellijPlatformBundledPlugins,intellijPlatformClasspath,intellijPlatformDependencies,intellijPlatformTestClasspath,testCompileClasspath,testImplementationDependenciesMetadata,testRuntimeClasspath
bundledModule:intellij.platform.collaborationTools:IC-251.23774.435=compileClasspath,compileOnlyDependenciesMetadata,intellijPlatformBundledPlugins,intellijPlatformClasspath,intellijPlatformDependencies,intellijPlatformTestClasspath,testCompileClasspath,testImplementationDependenciesMetadata,testRuntimeClasspath
bundledModule:intellij.platform.compose:IC-251.23774.435=compileClasspath,compileOnlyDependenciesMetadata,intellijPlatformBundledPlugins,intellijPlatformClasspath,intellijPlatformDependencies,intellijPlatformTestClasspath,testCompileClasspath,testImplementationDependenciesMetadata,testRuntimeClasspath
bundledModule:intellij.platform.jewel.foundation:IC-251.23774.435=compileClasspath,compileOnlyDependenciesMetadata,intellijPlatformBundledPlugins,intellijPlatformClasspath,intellijPlatformDependencies,intellijPlatformTestClasspath,testCompileClasspath,testImplementationDependenciesMetadata,testRuntimeClasspath
bundledModule:intellij.platform.jewel.ideLafBridge:IC-251.23774.435=compileClasspath,compileOnlyDependenciesMetadata,intellijPlatformBundledPlugins,intellijPlatformClasspath,intellijPlatformDependencies,intellijPlatformTestClasspath,testCompileClasspath,testImplementationDependenciesMetadata,testRuntimeClasspath
bundledModule:intellij.platform.jewel.markdown.core:IC-251.23774.435=compileClasspath,compileOnlyDependenciesMetadata,intellijPlatformBundledPlugins,intellijPlatformClasspath,intellijPlatformDependencies,intellijPlatformTestClasspath,testCompileClasspath,testImplementationDependenciesMetadata,testRuntimeClasspath
bundledModule:intellij.platform.jewel.markdown.extension.gfmAlerts:IC-251.23774.435=compileClasspath,compileOnlyDependenciesMetadata,intellijPlatformBundledPlugins,intellijPlatformClasspath,intellijPlatformDependencies,intellijPlatformTestClasspath,testCompileClasspath,testImplementationDependenciesMetadata,testRuntimeClasspath
bundledModule:intellij.platform.jewel.markdown.extension.gfmTables:IC-251.23774.435=compileClasspath,compileOnlyDependenciesMetadata,intellijPlatformBundledPlugins,intellijPlatformClasspath,intellijPlatformDependencies,intellijPlatformTestClasspath,testCompileClasspath,testImplementationDependenciesMetadata,testRuntimeClasspath
bundledModule:intellij.platform.jewel.markdown.ideLafBridgeStyling:IC-251.23774.435=compileClasspath,compileOnlyDependenciesMetadata,intellijPlatformBundledPlugins,intellijPlatformClasspath,intellijPlatformDependencies,intellijPlatformTestClasspath,testCompileClasspath,testImplementationDependenciesMetadata,testRuntimeClasspath
bundledModule:intellij.platform.jewel.ui:IC-251.23774.435=compileClasspath,compileOnlyDependenciesMetadata,intellijPlatformBundledPlugins,intellijPlatformClasspath,intellijPlatformDependencies,intellijPlatformTestClasspath,testCompileClasspath,testImplementationDependenciesMetadata,testRuntimeClasspath
bundledModule:intellij.platform.kernel.backend:IC-251.23774.435=compileClasspath,compileOnlyDependenciesMetadata,intellijPlatformBundledPlugins,intellijPlatformClasspath,intellijPlatformDependencies,intellijPlatformTestClasspath,testCompileClasspath,testImplementationDependenciesMetadata,testRuntimeClasspath
bundledModule:intellij.platform.rpc.backend:IC-251.23774.435=compileClasspath,compileOnlyDependenciesMetadata,intellijPlatformBundledPlugins,intellijPlatformClasspath,intellijPlatformDependencies,intellijPlatformTestClasspath,testCompileClasspath,testImplementationDependenciesMetadata,testRuntimeClasspath
bundledModule:intellij.platform.vcs.dvcs.impl.shared:IC-251.23774.435=compileClasspath,compileOnlyDependenciesMetadata,intellijPlatformBundledPlugins,intellijPlatformClasspath,intellijPlatformDependencies,intellijPlatformTestClasspath,testCompileClasspath,testImplementationDependenciesMetadata,testRuntimeClasspath
bundledModule:intellij.platform.vcs.dvcs.impl:IC-251.23774.435=compileClasspath,compileOnlyDependenciesMetadata,intellijPlatformBundledPlugins,intellijPlatformClasspath,intellijPlatformDependencies,intellijPlatformTestClasspath,testCompileClasspath,testImplementationDependenciesMetadata,testRuntimeClasspath
bundledModule:intellij.platform.vcs.impl.backend:IC-251.23774.435=compileClasspath,compileOnlyDependenciesMetadata,intellijPlatformBundledPlugins,intellijPlatformClasspath,intellijPlatformDependencies,intellijPlatformTestClasspath,testCompileClasspath,testImplementationDependenciesMetadata,testRuntimeClasspath
bundledModule:intellij.platform.vcs.impl.shared:IC-251.23774.435=compileClasspath,compileOnlyDependenciesMetadata,intellijPlatformBundledPlugins,intellijPlatformClasspath,intellijPlatformDependencies,intellijPlatformTestClasspath,testCompileClasspath,testImplementationDependenciesMetadata,testRuntimeClasspath
bundledModule:intellij.platform.vcs.impl:IC-251.23774.435=compileClasspath,compileOnlyDependenciesMetadata,intellijPlatformBundledPlugins,intellijPlatformClasspath,intellijPlatformDependencies,intellijPlatformTestClasspath,testCompileClasspath,testImplementationDependenciesMetadata,testRuntimeClasspath
bundledModule:intellij.platform.vcs.log.impl:IC-251.23774.435=compileClasspath,compileOnlyDependenciesMetadata,intellijPlatformBundledPlugins,intellijPlatformClasspath,intellijPlatformDependencies,intellijPlatformTestClasspath,testCompileClasspath,testImplementationDependenciesMetadata,testRuntimeClasspath
bundledModule:intellij.yaml.backend:IC-251.23774.435=compileClasspath,compileOnlyDependenciesMetadata,intellijPlatformBundledPlugins,intellijPlatformClasspath,intellijPlatformDependencies,intellijPlatformTestClasspath,testCompileClasspath,testImplementationDependenciesMetadata,testRuntimeClasspath
bundledPlugin:com.intellij.copyright:IC-251.23774.435=compileClasspath,compileOnlyDependenciesMetadata,intellijPlatformBundledPlugins,intellijPlatformClasspath,intellijPlatformDependencies,intellijPlatformTestClasspath,testCompileClasspath,testImplementationDependenciesMetadata,testRuntimeClasspath
bundledPlugin:com.intellij.java:IC-251.23774.435=compileClasspath,compileOnlyDependenciesMetadata,intellijPlatformBundledPlugins,intellijPlatformClasspath,intellijPlatformDependencies,intellijPlatformTestClasspath,testCompileClasspath,testImplementationDependenciesMetadata,testRuntimeClasspath
bundledPlugin:com.intellij.modules.json:IC-251.23774.435=compileClasspath,compileOnlyDependenciesMetadata,intellijPlatformBundledPlugins,intellijPlatformClasspath,intellijPlatformDependencies,intellijPlatformTestClasspath,testCompileClasspath,testImplementationDependenciesMetadata,testRuntimeClasspath
bundledPlugin:com.intellij.platform.images:IC-251.23774.435=compileClasspath,compileOnlyDependenciesMetadata,intellijPlatformBundledPlugins,intellijPlatformClasspath,intellijPlatformDependencies,intellijPlatformTestClasspath,testCompileClasspath,testImplementationDependenciesMetadata,testRuntimeClasspath
bundledPlugin:com.intellij.properties:IC-251.23774.435=compileClasspath,compileOnlyDependenciesMetadata,intellijPlatformBundledPlugins,intellijPlatformClasspath,intellijPlatformDependencies,intellijPlatformTestClasspath,testCompileClasspath,testImplementationDependenciesMetadata,testRuntimeClasspath
bundledPlugin:com.jetbrains.performancePlugin:IC-251.23774.435=compileClasspath,compileOnlyDependenciesMetadata,intellijPlatformBundledPlugins,intellijPlatformClasspath,intellijPlatformDependencies,intellijPlatformTestClasspath,testCompileClasspath,testImplementationDependenciesMetadata,testRuntimeClasspath
bundledPlugin:com.jetbrains.sh:IC-251.23774.435=compileClasspath,compileOnlyDependenciesMetadata,intellijPlatformBundledPlugins,intellijPlatformClasspath,intellijPlatformDependencies,intellijPlatformTestClasspath,testCompileClasspath,testImplementationDependenciesMetadata,testRuntimeClasspath
bundledPlugin:org.intellij.intelliLang:IC-251.23774.435=compileClasspath,compileOnlyDependenciesMetadata,intellijPlatformBundledPlugins,intellijPlatformClasspath,intellijPlatformDependencies,intellijPlatformTestClasspath,testCompileClasspath,testImplementationDependenciesMetadata,testRuntimeClasspath
bundledPlugin:org.intellij.plugins.markdown:IC-251.23774.435=compileClasspath,compileOnlyDependenciesMetadata,intellijPlatformBundledPlugins,intellijPlatformClasspath,intellijPlatformDependencies,intellijPlatformTestClasspath,testCompileClasspath,testImplementationDependenciesMetadata,testRuntimeClasspath
bundledPlugin:org.jetbrains.kotlin:IC-251.23774.435=compileClasspath,compileOnlyDependenciesMetadata,intellijPlatformBundledPlugins,intellijPlatformClasspath,intellijPlatformDependencies,intellijPlatformTestClasspath,testCompileClasspath,testImplementationDependenciesMetadata,testRuntimeClasspath
bundledPlugin:org.jetbrains.plugins.terminal:IC-251.23774.435=compileClasspath,compileOnlyDependenciesMetadata,intellijPlatformBundledPlugins,intellijPlatformClasspath,intellijPlatformDependencies,intellijPlatformTestClasspath,testCompileClasspath,testImplementationDependenciesMetadata,testRuntimeClasspath
bundledPlugin:org.toml.lang:IC-251.23774.435=compileClasspath,compileOnlyDependenciesMetadata,intellijPlatformBundledPlugins,intellijPlatformClasspath,intellijPlatformDependencies,intellijPlatformTestClasspath,testCompileClasspath,testImplementationDependenciesMetadata,testRuntimeClasspath
bundledPlugin:tanvd.grazi:IC-251.23774.435=compileClasspath,compileOnlyDependenciesMetadata,intellijPlatformBundledPlugins,intellijPlatformClasspath,intellijPlatformDependencies,intellijPlatformTestClasspath,testCompileClasspath,testImplementationDependenciesMetadata,testRuntimeClasspath
com.jetbrains.intellij.java:java-compiler-ant-tasks:251.23774.435=intellijPlatformJavaCompiler
com.jetbrains.intellij.java:java-compiler-instrumentation-util-java8:251.23774.435=intellijPlatformJavaCompiler
com.jetbrains.intellij.java:java-compiler-instrumentation-util:251.23774.435=intellijPlatformJavaCompiler
com.jetbrains.intellij.java:java-gui-forms-compiler:251.23774.435=intellijPlatformJavaCompiler
com.jetbrains.intellij.java:java-gui-forms-rt:251.23774.435=intellijPlatformJavaCompiler
com.jetbrains.intellij.platform:util-jdom:251.23774.435=intellijPlatformJavaCompiler
com.jgoodies:forms:1.1-preview=intellijPlatformJavaCompiler
idea:ideaIC:2025.1=compileClasspath,compileOnlyDependenciesMetadata,intellijPlatformClasspath,intellijPlatformDependency,intellijPlatformDependencyArchive,intellijPlatformTestClasspath,testCompileClasspath,testImplementationDependenciesMetadata,testRuntimeClasspath
jaxen:jaxen:1.2.0=intellijPlatformJavaCompiler
org.jetbrains.intellij.deps:asm-all:9.6.1=intellijPlatformJavaCompiler
org.jetbrains.intellij.deps:trove4j:1.0.20200330=kotlinBuildToolsApiClasspath,kotlinCompilerClasspath,kotlinKlibCommonizerClasspath
org.jetbrains.intellij.plugins:verifier-cli:1.388=intellijPluginVerifier
org.jetbrains.kotlin:kotlin-build-common:2.1.0=kotlinBuildToolsApiClasspath
org.jetbrains.kotlin:kotlin-build-tools-api:2.1.0=kotlinBuildToolsApiClasspath
org.jetbrains.kotlin:kotlin-build-tools-impl:2.1.0=kotlinBuildToolsApiClasspath
org.jetbrains.kotlin:kotlin-compiler-embeddable:2.1.0=kotlinBuildToolsApiClasspath,kotlinCompilerClasspath,kotlinKlibCommonizerClasspath
org.jetbrains.kotlin:kotlin-compiler-runner:2.1.0=kotlinBuildToolsApiClasspath
org.jetbrains.kotlin:kotlin-daemon-client:2.1.0=kotlinBuildToolsApiClasspath
org.jetbrains.kotlin:kotlin-daemon-embeddable:2.1.0=kotlinBuildToolsApiClasspath,kotlinCompilerClasspath,kotlinKlibCommonizerClasspath
org.jetbrains.kotlin:kotlin-klib-commonizer-embeddable:2.1.0=kotlinKlibCommonizerClasspath
org.jetbrains.kotlin:kotlin-reflect:1.6.10=kotlinBuildToolsApiClasspath,kotlinCompilerClasspath,kotlinKlibCommonizerClasspath
org.jetbrains.kotlin:kotlin-script-runtime:2.1.0=kotlinBuildToolsApiClasspath,kotlinCompilerClasspath,kotlinCompilerPluginClasspathMain,kotlinCompilerPluginClasspathTest,kotlinKlibCommonizerClasspath
org.jetbrains.kotlin:kotlin-scripting-common:2.1.0=kotlinBuildToolsApiClasspath,kotlinCompilerPluginClasspathMain,kotlinCompilerPluginClasspathTest
org.jetbrains.kotlin:kotlin-scripting-compiler-embeddable:2.1.0=kotlinBuildToolsApiClasspath,kotlinCompilerPluginClasspathMain,kotlinCompilerPluginClasspathTest
org.jetbrains.kotlin:kotlin-scripting-compiler-impl-embeddable:2.1.0=kotlinBuildToolsApiClasspath,kotlinCompilerPluginClasspathMain,kotlinCompilerPluginClasspathTest
org.jetbrains.kotlin:kotlin-scripting-jvm:2.1.0=kotlinBuildToolsApiClasspath,kotlinCompilerPluginClasspathMain,kotlinCompilerPluginClasspathTest
org.jetbrains.kotlin:kotlin-stdlib:2.1.0=kotlinBuildToolsApiClasspath,kotlinCompilerClasspath,kotlinCompilerPluginClasspathMain,kotlinCompilerPluginClasspathTest,kotlinKlibCommonizerClasspath
org.jetbrains.kotlinx:kotlinx-coroutines-core-jvm:1.6.4=kotlinBuildToolsApiClasspath,kotlinCompilerClasspath,kotlinKlibCommonizerClasspath
org.jetbrains:annotations:13.0=kotlinBuildToolsApiClasspath,kotlinCompilerClasspath,kotlinCompilerPluginClasspathMain,kotlinCompilerPluginClasspathTest,kotlinKlibCommonizerClasspath
org.jetbrains:annotations:24.0.0=intellijPlatformJavaCompiler
org.jetbrains:marketplace-zip-signer:0.1.38=marketplaceZipSigner
empty=annotationProcessor,apiDependenciesMetadata,implementationDependenciesMetadata,intellijPlatformBundledModules,intellijPlatformComposedJar,intellijPlatformLocal,intellijPlatformPlugin,intellijPlatformPluginDependency,intellijPlatformPluginDependencyCollector,intellijPlatformPluginLocal,intellijPlatformPluginModule,intellijPlatformRuntimeClasspath,intellijPlatformTestDependencies,intellijPluginVerifierIdes,intellijPluginVerifierIdesDependency,intellijPluginVerifierIdesLocalInstance,intransitiveDependenciesMetadata,jetbrainsRuntime,jetbrainsRuntimeDependency,jetbrainsRuntimeLocalInstance,kotlinCompilerPluginClasspath,kotlinNativeCompilerPluginClasspath,kotlinScriptDefExtensions,runtimeClasspath,testAnnotationProcessor,testApiDependenciesMetadata,testCompileOnlyDependenciesMetadata,testIntransitiveDependenciesMetadata,testKotlinScriptDefExtensions
