# This is a Gradle generated file for dependency locking.
# Manual edits can break the build and are not advised.
# This file is expected to be part of source control.
io.github.davidburstrom.contester:contester-breakpoint:0.2.0=runtimeClasspath,testRuntimeClasspath
io.github.detekt.sarif4k:sarif4k-jvm:0.4.0=runtimeClasspath,testRuntimeClasspath
io.github.detekt.sarif4k:sarif4k:0.4.0=runtimeClasspath,testRuntimeClasspath
io.github.java-diff-utils:java-diff-utils:4.12=kotlinInternalAbiValidation
io.gitlab.arturbosch.detekt:detekt-api:1.23.3=compileClasspath,implementationDependenciesMetadata,runtimeClasspath,testCompileClasspath,testImplementationDependenciesMetadata,testRuntimeClasspath
io.gitlab.arturbosch.detekt:detekt-core:1.23.3=compileClasspath,implementationDependenciesMetadata,runtimeClasspath,testCompileClasspath,testImplementationDependenciesMetadata,testRuntimeClasspath
io.gitlab.arturbosch.detekt:detekt-metrics:1.23.3=runtimeClasspath,testRuntimeClasspath
io.gitlab.arturbosch.detekt:detekt-parser:1.23.3=compileClasspath,implementationDependenciesMetadata,runtimeClasspath,testCompileClasspath,testImplementationDependenciesMetadata,testRuntimeClasspath
io.gitlab.arturbosch.detekt:detekt-psi-utils:1.23.3=compileClasspath,implementationDependenciesMetadata,runtimeClasspath,testCompileClasspath,testImplementationDependenciesMetadata,testRuntimeClasspath
io.gitlab.arturbosch.detekt:detekt-report-html:1.23.3=runtimeClasspath,testRuntimeClasspath
io.gitlab.arturbosch.detekt:detekt-report-md:1.23.3=runtimeClasspath,testRuntimeClasspath
io.gitlab.arturbosch.detekt:detekt-report-sarif:1.23.3=runtimeClasspath,testRuntimeClasspath
io.gitlab.arturbosch.detekt:detekt-report-txt:1.23.3=runtimeClasspath,testRuntimeClasspath
io.gitlab.arturbosch.detekt:detekt-report-xml:1.23.3=runtimeClasspath,testRuntimeClasspath
io.gitlab.arturbosch.detekt:detekt-tooling:1.23.3=compileClasspath,implementationDependenciesMetadata,runtimeClasspath,testCompileClasspath,testImplementationDependenciesMetadata,testRuntimeClasspath
io.gitlab.arturbosch.detekt:detekt-utils:1.23.3=runtimeClasspath,testRuntimeClasspath
org.jetbrains.kotlin:abi-tools-api:2.2.0=kotlinInternalAbiValidation
org.jetbrains.kotlin:abi-tools:2.2.0=kotlinInternalAbiValidation
org.jetbrains.kotlin:kotlin-build-tools-api:2.2.0=kotlinBuildToolsApiClasspath
org.jetbrains.kotlin:kotlin-build-tools-impl:2.2.0=kotlinBuildToolsApiClasspath
org.jetbrains.kotlin:kotlin-compiler-embeddable:2.2.0=compileClasspath,implementationDependenciesMetadata,kotlinBuildToolsApiClasspath,kotlinCompilerClasspath,kotlinInternalAbiValidation,kotlinKlibCommonizerClasspath,runtimeClasspath,testCompileClasspath,testImplementationDependenciesMetadata,testRuntimeClasspath
org.jetbrains.kotlin:kotlin-compiler-runner:2.2.0=kotlinBuildToolsApiClasspath
org.jetbrains.kotlin:kotlin-daemon-client:2.2.0=kotlinBuildToolsApiClasspath
org.jetbrains.kotlin:kotlin-daemon-embeddable:2.2.0=kotlinBuildToolsApiClasspath,kotlinCompilerClasspath,kotlinInternalAbiValidation,kotlinKlibCommonizerClasspath,runtimeClasspath,testRuntimeClasspath
org.jetbrains.kotlin:kotlin-klib-commonizer-embeddable:2.2.0=kotlinKlibCommonizerClasspath
org.jetbrains.kotlin:kotlin-metadata-jvm:2.2.0=kotlinInternalAbiValidation
org.jetbrains.kotlin:kotlin-native-prebuilt:2.0.20=kotlinNativeBundleConfiguration
org.jetbrains.kotlin:kotlin-reflect:1.6.10=kotlinBuildToolsApiClasspath,kotlinCompilerClasspath,kotlinInternalAbiValidation,kotlinKlibCommonizerClasspath
org.jetbrains.kotlin:kotlin-reflect:1.9.10=runtimeClasspath,testRuntimeClasspath
org.jetbrains.kotlin:kotlin-script-runtime:2.2.0=kotlinBuildToolsApiClasspath,kotlinCompilerClasspath,kotlinCompilerPluginClasspathMain,kotlinCompilerPluginClasspathTest,kotlinInternalAbiValidation,kotlinKlibCommonizerClasspath,runtimeClasspath,testRuntimeClasspath
org.jetbrains.kotlin:kotlin-scripting-common:2.2.0=kotlinBuildToolsApiClasspath,kotlinCompilerPluginClasspathMain,kotlinCompilerPluginClasspathTest
org.jetbrains.kotlin:kotlin-scripting-compiler-embeddable:2.2.0=kotlinBuildToolsApiClasspath,kotlinCompilerPluginClasspathMain,kotlinCompilerPluginClasspathTest
org.jetbrains.kotlin:kotlin-scripting-compiler-impl-embeddable:2.2.0=kotlinBuildToolsApiClasspath,kotlinCompilerPluginClasspathMain,kotlinCompilerPluginClasspathTest
org.jetbrains.kotlin:kotlin-scripting-jvm:2.2.0=kotlinBuildToolsApiClasspath,kotlinCompilerPluginClasspathMain,kotlinCompilerPluginClasspathTest
org.jetbrains.kotlin:kotlin-stdlib-common:2.2.0=runtimeClasspath,testRuntimeClasspath
org.jetbrains.kotlin:kotlin-stdlib-jdk7:1.9.10=compileClasspath,implementationDependenciesMetadata,runtimeClasspath,testCompileClasspath,testImplementationDependenciesMetadata,testRuntimeClasspath
org.jetbrains.kotlin:kotlin-stdlib-jdk8:1.9.10=compileClasspath,implementationDependenciesMetadata,runtimeClasspath,testCompileClasspath,testImplementationDependenciesMetadata,testRuntimeClasspath
org.jetbrains.kotlin:kotlin-stdlib:2.2.0=apiDependenciesMetadata,compileClasspath,implementationDependenciesMetadata,kotlinBuildToolsApiClasspath,kotlinCompilerClasspath,kotlinCompilerPluginClasspathMain,kotlinCompilerPluginClasspathTest,kotlinInternalAbiValidation,kotlinKlibCommonizerClasspath,runtimeClasspath,testCompileClasspath,testImplementationDependenciesMetadata,testRuntimeClasspath
org.jetbrains.kotlinx:kotlinx-coroutines-core-jvm:1.8.0=kotlinBuildToolsApiClasspath,kotlinCompilerClasspath,kotlinInternalAbiValidation,kotlinKlibCommonizerClasspath,runtimeClasspath,testRuntimeClasspath
org.jetbrains.kotlinx:kotlinx-html-jvm:0.8.1=runtimeClasspath,testRuntimeClasspath
org.jetbrains.kotlinx:kotlinx-serialization-core-jvm:1.4.1=runtimeClasspath,testRuntimeClasspath
org.jetbrains.kotlinx:kotlinx-serialization-core:1.4.1=runtimeClasspath,testRuntimeClasspath
org.jetbrains.kotlinx:kotlinx-serialization-json-jvm:1.4.1=runtimeClasspath,testRuntimeClasspath
org.jetbrains.kotlinx:kotlinx-serialization-json:1.4.1=runtimeClasspath,testRuntimeClasspath
org.jetbrains:annotations:13.0=compileClasspath,kotlinBuildToolsApiClasspath,kotlinCompilerClasspath,kotlinCompilerPluginClasspathMain,kotlinCompilerPluginClasspathTest,kotlinInternalAbiValidation,kotlinKlibCommonizerClasspath,runtimeClasspath,testCompileClasspath,testRuntimeClasspath
org.snakeyaml:snakeyaml-engine:2.6=runtimeClasspath,testRuntimeClasspath
empty=annotationProcessor,compileOnlyDependenciesMetadata,intransitiveDependenciesMetadata,kotlinCompilerPluginClasspath,kotlinNativeCompilerPluginClasspath,kotlinScriptDef,kotlinScriptDefExtensions,runtimeOnlyDependenciesMetadata,testAnnotationProcessor,testApiDependenciesMetadata,testCompileOnlyDependenciesMetadata,testIntransitiveDependenciesMetadata,testKotlinScriptDef,testKotlinScriptDefExtensions,testRuntimeOnlyDependenciesMetadata
